// !$*UTF8*$!
{
	archiveVersion = 1;
	classes = {
	};
	objectVersion = 50;
	objects = {

/* Begin PBXBuildFile section */
		D9500005274B7CDD0058DD70 /* ReportModel.swift in Sources */ = {isa = PBXBuildFile; fileRef = D9500004274B7CDD0058DD70 /* ReportModel.swift */; };
		D9500009274B7CEB0058DD70 /* CellViewModel.swift in Sources */ = {isa = PBXBuildFile; fileRef = D9500007274B7CEB0058DD70 /* CellViewModel.swift */; };
		D950000A274B7CEB0058DD70 /* ListViewModel.swift in Sources */ = {isa = PBXBuildFile; fileRef = D9500008274B7CEB0058DD70 /* ListViewModel.swift */; };
		D950000D274B7CFE0058DD70 /* DetailView.swift in Sources */ = {isa = PBXBuildFile; fileRef = D950000C274B7CFE0058DD70 /* DetailView.swift */; };
		D9500012274B87F10058DD70 /* FxService.swift in Sources */ = {isa = PBXBuildFile; fileRef = D9500011274B87F10058DD70 /* FxService.swift */; };
		D950FFCD274B79670058DD70 /* IG_IOS_DEMOApp.swift in Sources */ = {isa = PBXBuildFile; fileRef = D950FFCC274B79670058DD70 /* IG_IOS_DEMOApp.swift */; };
		D950FFD1274B79690058DD70 /* Assets.xcassets in Resources */ = {isa = PBXBuildFile; fileRef = D950FFD0274B79690058DD70 /* Assets.xcassets */; };
		D950FFD4274B79690058DD70 /* Preview Assets.xcassets in Resources */ = {isa = PBXBuildFile; fileRef = D950FFD3274B79690058DD70 /* Preview Assets.xcassets */; };
		D950FFE7274B7A7E0058DD70 /* ImageCache.swift in Sources */ = {isa = PBXBuildFile; fileRef = D950FFE5274B7A7E0058DD70 /* ImageCache.swift */; };
		D950FFE8274B7A7E0058DD70 /* ImageLoader.swift in Sources */ = {isa = PBXBuildFile; fileRef = D950FFE6274B7A7E0058DD70 /* ImageLoader.swift */; };
		D950FFEC274B7AA00058DD70 /* SwiftUI+Utils.swift in Sources */ = {isa = PBXBuildFile; fileRef = D950FFEB274B7AA00058DD70 /* SwiftUI+Utils.swift */; };
		D950FFF2274B7AAE0058DD70 /* ServiveEndpoint.swift in Sources */ = {isa = PBXBuildFile; fileRef = D950FFEE274B7AAE0058DD70 /* ServiveEndpoint.swift */; };
		D950FFF3274B7AAE0058DD70 /* NetworkService.swift in Sources */ = {isa = PBXBuildFile; fileRef = D950FFEF274B7AAE0058DD70 /* NetworkService.swift */; };
		D950FFF4274B7AAE0058DD70 /* NetworkManager.swift in Sources */ = {isa = PBXBuildFile; fileRef = D950FFF0274B7AAE0058DD70 /* NetworkManager.swift */; };
		D950FFF5274B7AAE0058DD70 /* NetworkMonitor.swift in Sources */ = {isa = PBXBuildFile; fileRef = D950FFF1274B7AAE0058DD70 /* NetworkMonitor.swift */; };
		D950FFFE274B7CBC0058DD70 /* ListView.swift in Sources */ = {isa = PBXBuildFile; fileRef = D950FFFC274B7CBC0058DD70 /* ListView.swift */; };
		D950FFFF274B7CBC0058DD70 /* CellView.swift in Sources */ = {isa = PBXBuildFile; fileRef = D950FFFD274B7CBC0058DD70 /* CellView.swift */; };
/* End PBXBuildFile section */

/* Begin PBXFileReference section */
		D9500004274B7CDD0058DD70 /* ReportModel.swift */ = {isa = PBXFileReference; fileEncoding = 4; lastKnownFileType = sourcecode.swift; path = ReportModel.swift; sourceTree = "<group>"; };
		D9500007274B7CEB0058DD70 /* CellViewModel.swift */ = {isa = PBXFileReference; fileEncoding = 4; lastKnownFileType = sourcecode.swift; path = CellViewModel.swift; sourceTree = "<group>"; };
		D9500008274B7CEB0058DD70 /* ListViewModel.swift */ = {isa = PBXFileReference; fileEncoding = 4; lastKnownFileType = sourcecode.swift; path = ListViewModel.swift; sourceTree = "<group>"; };
		D950000C274B7CFE0058DD70 /* DetailView.swift */ = {isa = PBXFileReference; fileEncoding = 4; lastKnownFileType = sourcecode.swift; path = DetailView.swift; sourceTree = "<group>"; };
		D9500011274B87F10058DD70 /* FxService.swift */ = {isa = PBXFileReference; fileEncoding = 4; lastKnownFileType = sourcecode.swift; path = FxService.swift; sourceTree = "<group>"; };
		D950FFC9274B79670058DD70 /* IG_IOS_DEMO.app */ = {isa = PBXFileReference; explicitFileType = wrapper.application; includeInIndex = 0; path = IG_IOS_DEMO.app; sourceTree = BUILT_PRODUCTS_DIR; };
		D950FFCC274B79670058DD70 /* IG_IOS_DEMOApp.swift */ = {isa = PBXFileReference; lastKnownFileType = sourcecode.swift; path = IG_IOS_DEMOApp.swift; sourceTree = "<group>"; };
		D950FFD0274B79690058DD70 /* Assets.xcassets */ = {isa = PBXFileReference; lastKnownFileType = folder.assetcatalog; path = Assets.xcassets; sourceTree = "<group>"; };
		D950FFD3274B79690058DD70 /* Preview Assets.xcassets */ = {isa = PBXFileReference; lastKnownFileType = folder.assetcatalog; path = "Preview Assets.xcassets"; sourceTree = "<group>"; };
		D950FFD5274B79690058DD70 /* Info.plist */ = {isa = PBXFileReference; lastKnownFileType = text.plist.xml; path = Info.plist; sourceTree = "<group>"; };
		D950FFE5274B7A7E0058DD70 /* ImageCache.swift */ = {isa = PBXFileReference; fileEncoding = 4; lastKnownFileType = sourcecode.swift; path = ImageCache.swift; sourceTree = "<group>"; };
		D950FFE6274B7A7E0058DD70 /* ImageLoader.swift */ = {isa = PBXFileReference; fileEncoding = 4; lastKnownFileType = sourcecode.swift; path = ImageLoader.swift; sourceTree = "<group>"; };
		D950FFEB274B7AA00058DD70 /* SwiftUI+Utils.swift */ = {isa = PBXFileReference; fileEncoding = 4; lastKnownFileType = sourcecode.swift; path = "SwiftUI+Utils.swift"; sourceTree = "<group>"; };
		D950FFEE274B7AAE0058DD70 /* ServiveEndpoint.swift */ = {isa = PBXFileReference; fileEncoding = 4; lastKnownFileType = sourcecode.swift; path = ServiveEndpoint.swift; sourceTree = "<group>"; };
		D950FFEF274B7AAE0058DD70 /* NetworkService.swift */ = {isa = PBXFileReference; fileEncoding = 4; lastKnownFileType = sourcecode.swift; path = NetworkService.swift; sourceTree = "<group>"; };
		D950FFF0274B7AAE0058DD70 /* NetworkManager.swift */ = {isa = PBXFileReference; fileEncoding = 4; lastKnownFileType = sourcecode.swift; path = NetworkManager.swift; sourceTree = "<group>"; };
		D950FFF1274B7AAE0058DD70 /* NetworkMonitor.swift */ = {isa = PBXFileReference; fileEncoding = 4; lastKnownFileType = sourcecode.swift; path = NetworkMonitor.swift; sourceTree = "<group>"; };
		D950FFFC274B7CBC0058DD70 /* ListView.swift */ = {isa = PBXFileReference; fileEncoding = 4; lastKnownFileType = sourcecode.swift; path = ListView.swift; sourceTree = "<group>"; };
		D950FFFD274B7CBC0058DD70 /* CellView.swift */ = {isa = PBXFileReference; fileEncoding = 4; lastKnownFileType = sourcecode.swift; path = CellView.swift; sourceTree = "<group>"; };
/* End PBXFileReference section */

/* Begin PBXFrameworksBuildPhase section */
		D950FFC6274B79670058DD70 /* Frameworks */ = {
			isa = PBXFrameworksBuildPhase;
			buildActionMask = 2147483647;
			files = (
			);
			runOnlyForDeploymentPostprocessing = 0;
		};
/* End PBXFrameworksBuildPhase section */

/* Begin PBXGroup section */
		D950FFC0274B79670058DD70 = {
			isa = PBXGroup;
			children = (
				D950FFCB274B79670058DD70 /* IG_IOS_DEMO */,
				D950FFCA274B79670058DD70 /* Products */,
			);
			sourceTree = "<group>";
		};
		D950FFCA274B79670058DD70 /* Products */ = {
			isa = PBXGroup;
			children = (
				D950FFC9274B79670058DD70 /* IG_IOS_DEMO.app */,
			);
			name = Products;
			sourceTree = "<group>";
		};
		D950FFCB274B79670058DD70 /* IG_IOS_DEMO */ = {
			isa = PBXGroup;
			children = (
				D950FFE2274B7A3A0058DD70 /* Details */,
				D950FFE1274B7A340058DD70 /* List */,
				D950FFE0274B7A290058DD70 /* Utils */,
				D950FFDF274B7A200058DD70 /* Core */,
				D950FFDE274B7A180058DD70 /* Apo */,
				D950FFD0274B79690058DD70 /* Assets.xcassets */,
				D950FFD5274B79690058DD70 /* Info.plist */,
				D950FFD2274B79690058DD70 /* Preview Content */,
			);
			path = IG_IOS_DEMO;
			sourceTree = "<group>";
		};
		D950FFD2274B79690058DD70 /* Preview Content */ = {
			isa = PBXGroup;
			children = (
				D950FFD3274B79690058DD70 /* Preview Assets.xcassets */,
			);
			path = "Preview Content";
			sourceTree = "<group>";
		};
		D950FFDE274B7A180058DD70 /* Apo */ = {
			isa = PBXGroup;
			children = (
				D950FFCC274B79670058DD70 /* IG_IOS_DEMOApp.swift */,
			);
			path = Apo;
			sourceTree = "<group>";
		};
		D950FFDF274B7A200058DD70 /* Core */ = {
			isa = PBXGroup;
			children = (
				D950FFE3274B7A4E0058DD70 /* Networking */,
			);
			path = Core;
			sourceTree = "<group>";
		};
		D950FFE0274B7A290058DD70 /* Utils */ = {
			isa = PBXGroup;
			children = (
				D950FFEA274B7A8C0058DD70 /* SwiftUI */,
				D950FFE4274B7A5B0058DD70 /* ImageLoader */,
			);
			path = Utils;
			sourceTree = "<group>";
		};
		D950FFE1274B7A340058DD70 /* List */ = {
			isa = PBXGroup;
			children = (
				D950FFFB274B7C960058DD70 /* ViewModels */,
				D950FFF7274B7ACB0058DD70 /* Models */,
				D950FFF9274B7AE60058DD70 /* Views */,
				D950FFF8274B7ADA0058DD70 /* Service */,
			);
			path = List;
			sourceTree = "<group>";
		};
		D950FFE2274B7A3A0058DD70 /* Details */ = {
			isa = PBXGroup;
			children = (
				D950000C274B7CFE0058DD70 /* DetailView.swift */,
			);
			path = Details;
			sourceTree = "<group>";
		};
		D950FFE3274B7A4E0058DD70 /* Networking */ = {
			isa = PBXGroup;
			children = (
				D950FFF0274B7AAE0058DD70 /* NetworkManager.swift */,
				D950FFF1274B7AAE0058DD70 /* NetworkMonitor.swift */,
				D950FFEF274B7AAE0058DD70 /* NetworkService.swift */,
			);
			path = Networking;
			sourceTree = "<group>";
		};
		D950FFE4274B7A5B0058DD70 /* ImageLoader */ = {
			isa = PBXGroup;
			children = (
				D950FFE5274B7A7E0058DD70 /* ImageCache.swift */,
				D950FFE6274B7A7E0058DD70 /* ImageLoader.swift */,
			);
			path = ImageLoader;
			sourceTree = "<group>";
		};
		D950FFEA274B7A8C0058DD70 /* SwiftUI */ = {
			isa = PBXGroup;
			children = (
				D950FFEB274B7AA00058DD70 /* SwiftUI+Utils.swift */,
			);
			path = SwiftUI;
			sourceTree = "<group>";
		};
		D950FFF7274B7ACB0058DD70 /* Models */ = {
			isa = PBXGroup;
			children = (
				D9500004274B7CDD0058DD70 /* ReportModel.swift */,
			);
			path = Models;
			sourceTree = "<group>";
		};
		D950FFF8274B7ADA0058DD70 /* Service */ = {
			isa = PBXGroup;
			children = (
				D950FFEE274B7AAE0058DD70 /* ServiveEndpoint.swift */,
				D9500011274B87F10058DD70 /* FxService.swift */,
			);
			path = Service;
			sourceTree = "<group>";
		};
		D950FFF9274B7AE60058DD70 /* Views */ = {
			isa = PBXGroup;
			children = (
				D950FFFD274B7CBC0058DD70 /* CellView.swift */,
				D950FFFC274B7CBC0058DD70 /* ListView.swift */,
			);
			path = Views;
			sourceTree = "<group>";
		};
		D950FFFB274B7C960058DD70 /* ViewModels */ = {
			isa = PBXGroup;
			children = (
				D9500007274B7CEB0058DD70 /* CellViewModel.swift */,
				D9500008274B7CEB0058DD70 /* ListViewModel.swift */,
			);
			path = ViewModels;
			sourceTree = "<group>";
		};
/* End PBXGroup section */

/* Begin PBXNativeTarget section */
		D950FFC8274B79670058DD70 /* IG_IOS_DEMO */ = {
			isa = PBXNativeTarget;
			buildConfigurationList = D950FFD8274B79690058DD70 /* Build configuration list for PBXNativeTarget "IG_IOS_DEMO" */;
			buildPhases = (
				D950FFC5274B79670058DD70 /* Sources */,
				D950FFC6274B79670058DD70 /* Frameworks */,
				D950FFC7274B79670058DD70 /* Resources */,
			);
			buildRules = (
			);
			dependencies = (
			);
			name = IG_IOS_DEMO;
			productName = IG_IOS_DEMO;
			productReference = D950FFC9274B79670058DD70 /* IG_IOS_DEMO.app */;
			productType = "com.apple.product-type.application";
		};
/* End PBXNativeTarget section */

/* Begin PBXProject section */
		D950FFC1274B79670058DD70 /* Project object */ = {
			isa = PBXProject;
			attributes = {
				LastSwiftUpdateCheck = 1240;
				LastUpgradeCheck = 1240;
				TargetAttributes = {
					D950FFC8274B79670058DD70 = {
						CreatedOnToolsVersion = 12.4;
					};
				};
			};
			buildConfigurationList = D950FFC4274B79670058DD70 /* Build configuration list for PBXProject "IG_IOS_DEMO" */;
			compatibilityVersion = "Xcode 9.3";
			developmentRegion = en;
			hasScannedForEncodings = 0;
			knownRegions = (
				en,
				Base,
			);
			mainGroup = D950FFC0274B79670058DD70;
			productRefGroup = D950FFCA274B79670058DD70 /* Products */;
			projectDirPath = "";
			projectRoot = "";
			targets = (
				D950FFC8274B79670058DD70 /* IG_IOS_DEMO */,
			);
		};
/* End PBXProject section */

/* Begin PBXResourcesBuildPhase section */
		D950FFC7274B79670058DD70 /* Resources */ = {
			isa = PBXResourcesBuildPhase;
			buildActionMask = 2147483647;
			files = (
				D950FFD4274B79690058DD70 /* Preview Assets.xcassets in Resources */,
				D950FFD1274B79690058DD70 /* Assets.xcassets in Resources */,
			);
			runOnlyForDeploymentPostprocessing = 0;
		};
/* End PBXResourcesBuildPhase section */

/* Begin PBXSourcesBuildPhase section */
		D950FFC5274B79670058DD70 /* Sources */ = {
			isa = PBXSourcesBuildPhase;
			buildActionMask = 2147483647;
			files = (
				D9500005274B7CDD0058DD70 /* ReportModel.swift in Sources */,
				D950FFFF274B7CBC0058DD70 /* CellView.swift in Sources */,
				D950FFEC274B7AA00058DD70 /* SwiftUI+Utils.swift in Sources */,
				D950FFE7274B7A7E0058DD70 /* ImageCache.swift in Sources */,
				D950000A274B7CEB0058DD70 /* ListViewModel.swift in Sources */,
				D950FFFE274B7CBC0058DD70 /* ListView.swift in Sources */,
				D950FFE8274B7A7E0058DD70 /* ImageLoader.swift in Sources */,
				D950000D274B7CFE0058DD70 /* DetailView.swift in Sources */,
				D950FFF4274B7AAE0058DD70 /* NetworkManager.swift in Sources */,
				D950FFF2274B7AAE0058DD70 /* ServiveEndpoint.swift in Sources */,
				D9500012274B87F10058DD70 /* FxService.swift in Sources */,
				D9500009274B7CEB0058DD70 /* CellViewModel.swift in Sources */,
				D950FFCD274B79670058DD70 /* IG_IOS_DEMOApp.swift in Sources */,
				D950FFF5274B7AAE0058DD70 /* NetworkMonitor.swift in Sources */,
				D950FFF3274B7AAE0058DD70 /* NetworkService.swift in Sources */,
			);
			runOnlyForDeploymentPostprocessing = 0;
		};
/* End PBXSourcesBuildPhase section */

/* Begin XCBuildConfiguration section */
		D950FFD6274B79690058DD70 /* Debug */ = {
			isa = XCBuildConfiguration;
			buildSettings = {
				ALWAYS_SEARCH_USER_PATHS = NO;
				CLANG_ANALYZER_NONNULL = YES;
				CLANG_ANALYZER_NUMBER_OBJECT_CONVERSION = YES_AGGRESSIVE;
				CLANG_CXX_LANGUAGE_STANDARD = "gnu++14";
				CLANG_CXX_LIBRARY = "libc++";
				CLANG_ENABLE_MODULES = YES;
				CLANG_ENABLE_OBJC_ARC = YES;
				CLANG_ENABLE_OBJC_WEAK = YES;
				CLANG_WARN_BLOCK_CAPTURE_AUTORELEASING = YES;
				CLANG_WARN_BOOL_CONVERSION = YES;
				CLANG_WARN_COMMA = YES;
				CLANG_WARN_CONSTANT_CONVERSION = YES;
				CLANG_WARN_DEPRECATED_OBJC_IMPLEMENTATIONS = YES;
				CLANG_WARN_DIRECT_OBJC_ISA_USAGE = YES_ERROR;
				CLANG_WARN_DOCUMENTATION_COMMENTS = YES;
				CLANG_WARN_EMPTY_BODY = YES;
				CLANG_WARN_ENUM_CONVERSION = YES;
				CLANG_WARN_INFINITE_RECURSION = YES;
				CLANG_WARN_INT_CONVERSION = YES;
				CLANG_WARN_NON_LITERAL_NULL_CONVERSION = YES;
				CLANG_WARN_OBJC_IMPLICIT_RETAIN_SELF = YES;
				CLANG_WARN_OBJC_LITERAL_CONVERSION = YES;
				CLANG_WARN_OBJC_ROOT_CLASS = YES_ERROR;
				CLANG_WARN_QUOTED_INCLUDE_IN_FRAMEWORK_HEADER = YES;
				CLANG_WARN_RANGE_LOOP_ANALYSIS = YES;
				CLANG_WARN_STRICT_PROTOTYPES = YES;
				CLANG_WARN_SUSPICIOUS_MOVE = YES;
				CLANG_WARN_UNGUARDED_AVAILABILITY = YES_AGGRESSIVE;
				CLANG_WARN_UNREACHABLE_CODE = YES;
				CLANG_WARN__DUPLICATE_METHOD_MATCH = YES;
				COPY_PHASE_STRIP = NO;
				DEBUG_INFORMATION_FORMAT = dwarf;
				ENABLE_STRICT_OBJC_MSGSEND = YES;
				ENABLE_TESTABILITY = YES;
				GCC_C_LANGUAGE_STANDARD = gnu11;
				GCC_DYNAMIC_NO_PIC = NO;
				GCC_NO_COMMON_BLOCKS = YES;
				GCC_OPTIMIZATION_LEVEL = 0;
				GCC_PREPROCESSOR_DEFINITIONS = (
					"DEBUG=1",
					"$(inherited)",
				);
				GCC_WARN_64_TO_32_BIT_CONVERSION = YES;
				GCC_WARN_ABOUT_RETURN_TYPE = YES_ERROR;
				GCC_WARN_UNDECLARED_SELECTOR = YES;
				GCC_WARN_UNINITIALIZED_AUTOS = YES_AGGRESSIVE;
				GCC_WARN_UNUSED_FUNCTION = YES;
				GCC_WARN_UNUSED_VARIABLE = YES;
				IPHONEOS_DEPLOYMENT_TARGET = 14.1;
				MTL_ENABLE_DEBUG_INFO = INCLUDE_SOURCE;
				MTL_FAST_MATH = YES;
				ONLY_ACTIVE_ARCH = YES;
				SDKROOT = iphoneos;
				SWIFT_ACTIVE_COMPILATION_CONDITIONS = DEBUG;
				SWIFT_OPTIMIZATION_LEVEL = "-Onone";
			};
			name = Debug;
		};
		D950FFD7274B79690058DD70 /* Release */ = {
			isa = XCBuildConfiguration;
			buildSettings = {
				ALWAYS_SEARCH_USER_PATHS = NO;
				CLANG_ANALYZER_NONNULL = YES;
				CLANG_ANALYZER_NUMBER_OBJECT_CONVERSION = YES_AGGRESSIVE;
				CLANG_CXX_LANGUAGE_STANDARD = "gnu++14";
				CLANG_CXX_LIBRARY = "libc++";
				CLANG_ENABLE_MODULES = YES;
				CLANG_ENABLE_OBJC_ARC = YES;
				CLANG_ENABLE_OBJC_WEAK = YES;
				CLANG_WARN_BLOCK_CAPTURE_AUTORELEASING = YES;
				CLANG_WARN_BOOL_CONVERSION = YES;
				CLANG_WARN_COMMA = YES;
				CLANG_WARN_CONSTANT_CONVERSION = YES;
				CLANG_WARN_DEPRECATED_OBJC_IMPLEMENTATIONS = YES;
				CLANG_WARN_DIRECT_OBJC_ISA_USAGE = YES_ERROR;
				CLANG_WARN_DOCUMENTATION_COMMENTS = YES;
				CLANG_WARN_EMPTY_BODY = YES;
				CLANG_WARN_ENUM_CONVERSION = YES;
				CLANG_WARN_INFINITE_RECURSION = YES;
				CLANG_WARN_INT_CONVERSION = YES;
				CLANG_WARN_NON_LITERAL_NULL_CONVERSION = YES;
				CLANG_WARN_OBJC_IMPLICIT_RETAIN_SELF = YES;
				CLANG_WARN_OBJC_LITERAL_CONVERSION = YES;
				CLANG_WARN_OBJC_ROOT_CLASS = YES_ERROR;
				CLANG_WARN_QUOTED_INCLUDE_IN_FRAMEWORK_HEADER = YES;
				CLANG_WARN_RANGE_LOOP_ANALYSIS = YES;
				CLANG_WARN_STRICT_PROTOTYPES = YES;
				CLANG_WARN_SUSPICIOUS_MOVE = YES;
				CLANG_WARN_UNGUARDED_AVAILABILITY = YES_AGGRESSIVE;
				CLANG_WARN_UNREACHABLE_CODE = YES;
				CLANG_WARN__DUPLICATE_METHOD_MATCH = YES;
				COPY_PHASE_STRIP = NO;
				DEBUG_INFORMATION_FORMAT = "dwarf-with-dsym";
				ENABLE_NS_ASSERTIONS = NO;
				ENABLE_STRICT_OBJC_MSGSEND = YES;
				GCC_C_LANGUAGE_STANDARD = gnu11;
				GCC_NO_COMMON_BLOCKS = YES;
				GCC_WARN_64_TO_32_BIT_CONVERSION = YES;
				GCC_WARN_ABOUT_RETURN_TYPE = YES_ERROR;
				GCC_WARN_UNDECLARED_SELECTOR = YES;
				GCC_WARN_UNINITIALIZED_AUTOS = YES_AGGRESSIVE;
				GCC_WARN_UNUSED_FUNCTION = YES;
				GCC_WARN_UNUSED_VARIABLE = YES;
				IPHONEOS_DEPLOYMENT_TARGET = 14.1;
				MTL_ENABLE_DEBUG_INFO = NO;
				MTL_FAST_MATH = YES;
				SDKROOT = iphoneos;
				SWIFT_COMPILATION_MODE = wholemodule;
				SWIFT_OPTIMIZATION_LEVEL = "-O";
				VALIDATE_PRODUCT = YES;
			};
			name = Release;
		};
		D950FFD9274B79690058DD70 /* Debug */ = {
			isa = XCBuildConfiguration;
			buildSettings = {
				ASSETCATALOG_COMPILER_APPICON_NAME = AppIcon;
				ASSETCATALOG_COMPILER_GLOBAL_ACCENT_COLOR_NAME = AccentColor;
				CODE_SIGN_STYLE = Automatic;
				DEVELOPMENT_ASSET_PATHS = "\"IG_IOS_DEMO/Preview Content\"";
				DEVELOPMENT_TEAM = 53PV6CC35V;
				ENABLE_PREVIEWS = YES;
				INFOPLIST_FILE = IG_IOS_DEMO/Info.plist;
				IPHONEOS_DEPLOYMENT_TARGET = 14.1;
				LD_RUNPATH_SEARCH_PATHS = (
					"$(inherited)",
					"@executable_path/Frameworks",
				);
				PRODUCT_BUNDLE_IDENTIFIER = "com.personel.IG-IOS-DEMO";
				PRODUCT_NAME = "$(TARGET_NAME)";
				SWIFT_VERSION = 5.0;
				TARGETED_DEVICE_FAMILY = "1,2";
			};
			name = Debug;
		};
		D950FFDA274B79690058DD70 /* Release */ = {
			isa = XCBuildConfiguration;
			buildSettings = {
				ASSETCATALOG_COMPILER_APPICON_NAME = AppIcon;
				ASSETCATALOG_COMPILER_GLOBAL_ACCENT_COLOR_NAME = AccentColor;
				CODE_SIGN_STYLE = Automatic;
				DEVELOPMENT_ASSET_PATHS = "\"IG_IOS_DEMO/Preview Content\"";
				DEVELOPMENT_TEAM = 53PV6CC35V;
				ENABLE_PREVIEWS = YES;
				INFOPLIST_FILE = IG_IOS_DEMO/Info.plist;
				IPHONEOS_DEPLOYMENT_TARGET = 14.1;
				LD_RUNPATH_SEARCH_PATHS = (
					"$(inherited)",
					"@executable_path/Frameworks",
				);
				PRODUCT_BUNDLE_IDENTIFIER = "com.personel.IG-IOS-DEMO";
				PRODUCT_NAME = "$(TARGET_NAME)";
				SWIFT_VERSION = 5.0;
				TARGETED_DEVICE_FAMILY = "1,2";
			};
			name = Release;
		};
/* End XCBuildConfiguration section */

/* Begin XCConfigurationList section */
		D950FFC4274B79670058DD70 /* Build configuration list for PBXProject "IG_IOS_DEMO" */ = {
			isa = XCConfigurationList;
			buildConfigurations = (
				D950FFD6274B79690058DD70 /* Debug */,
				D950FFD7274B79690058DD70 /* Release */,
			);
			defaultConfigurationIsVisible = 0;
			defaultConfigurationName = Release;
		};
		D950FFD8274B79690058DD70 /* Build configuration list for PBXNativeTarget "IG_IOS_DEMO" */ = {
			isa = XCConfigurationList;
			buildConfigurations = (
				D950FFD9274B79690058DD70 /* Debug */,
				D950FFDA274B79690058DD70 /* Release */,
			);
			defaultConfigurationIsVisible = 0;
			defaultConfigurationName = Release;
		};
/* End XCConfigurationList section */
	};
	rootObject = D950FFC1274B79670058DD70 /* Project object */;
}
